
Microsoft Visual Studio Solution File, Format Version 12.00
# Visual Studio Version 16
VisualStudioVersion = 16.0.29424.173
MinimumVisualStudioVersion = 10.0.40219.1
Project("{FAE04EC0-301F-11D3-BF4B-00C04F79EFBC}") = "SOAP Calculator", "SOAP Calculator\SOAP Calculator.csproj", "{9C137172-72DA-440B-9260-4D2BCCF26374}"
EndProject
Global
	GlobalSection(SolutionConfigurationPlatforms) = preSolution
		Debug|Any CPU = Debug|Any CPU
		Release|Any CPU = Release|Any CPU
	EndGlobalSection
	GlobalSection(ProjectConfigurationPlatforms) = postSolution
		{9C137172-72DA-440B-9260-4D2BCCF26374}.Debug|Any CPU.ActiveCfg = Debug|Any CPU
		{9C137172-72DA-440B-9260-4D2BCCF26374}.Debug|Any CPU.Build.0 = Debug|Any CPU
		{9C137172-72DA-440B-9260-4D2BCCF26374}.Release|Any CPU.ActiveCfg = Release|Any CPU
		{9C137172-72DA-440B-9260-4D2BCCF26374}.Release|Any CPU.Build.0 = Release|Any CPU
	EndGlobalSection
	GlobalSection(SolutionProperties) = preSolution
		HideSolutionNode = FALSE
	EndGlobalSection
	GlobalSection(ExtensibilityGlobals) = postSolution
		SolutionGuid = {8F4488B1-1BC5-42DA-8BD2-9D8B880AF3D9}
	EndGlobalSection
EndGlobal
